// !$*UTF8*$!
{
	archiveVersion = 1;
	classes = {
	};
	objectVersion = 50;
	objects = {

/* Begin PBXBuildFile section */
		98FEC40E22413D89006D1FC5 /* AppDelegate.swift in Sources */ = {isa = PBXBuildFile; fileRef = 98FEC40D22413D89006D1FC5 /* AppDelegate.swift */; };
		98FEC41022413D89006D1FC5 /* ViewController.swift in Sources */ = {isa = PBXBuildFile; fileRef = 98FEC40F22413D89006D1FC5 /* ViewController.swift */; };
		98FEC41322413D89006D1FC5 /* Main.storyboard in Resources */ = {isa = PBXBuildFile; fileRef = 98FEC41122413D89006D1FC5 /* Main.storyboard */; };
		98FEC41522413D8B006D1FC5 /* Assets.xcassets in Resources */ = {isa = PBXBuildFile; fileRef = 98FEC41422413D8B006D1FC5 /* Assets.xcassets */; };
		98FEC41822413D8B006D1FC5 /* LaunchScreen.storyboard in Resources */ = {isa = PBXBuildFile; fileRef = 98FEC41622413D8B006D1FC5 /* LaunchScreen.storyboard */; };
		98FEC42622414BB7006D1FC5 /* fifth.mp3 in Resources */ = {isa = PBXBuildFile; fileRef = 98FEC41F22414BB6006D1FC5 /* fifth.mp3 */; };
		98FEC42722414BB7006D1FC5 /* fourth.mp3 in Resources */ = {isa = PBXBuildFile; fileRef = 98FEC42022414BB6006D1FC5 /* fourth.mp3 */; };
		98FEC42822414BB7006D1FC5 /* third.mp3 in Resources */ = {isa = PBXBuildFile; fileRef = 98FEC42122414BB6006D1FC5 /* third.mp3 */; };
		98FEC42922414BB7006D1FC5 /* first.mp3 in Resources */ = {isa = PBXBuildFile; fileRef = 98FEC42222414BB6006D1FC5 /* first.mp3 */; };
		98FEC42A22414BB7006D1FC5 /* seven.mp3 in Resources */ = {isa = PBXBuildFile; fileRef = 98FEC42322414BB6006D1FC5 /* seven.mp3 */; };
		98FEC42B22414BB7006D1FC5 /* second.mp3 in Resources */ = {isa = PBXBuildFile; fileRef = 98FEC42422414BB7006D1FC5 /* second.mp3 */; };
		98FEC42C22414BB7006D1FC5 /* sixth.mp3 in Resources */ = {isa = PBXBuildFile; fileRef = 98FEC42522414BB7006D1FC5 /* sixth.mp3 */; };
/* End PBXBuildFile section */

/* Begin PBXFileReference section */
		98FEC40A22413D89006D1FC5 /* PlayAudio.app */ = {isa = PBXFileReference; explicitFileType = wrapper.application; includeInIndex = 0; path = PlayAudio.app; sourceTree = BUILT_PRODUCTS_DIR; };
		98FEC40D22413D89006D1FC5 /* AppDelegate.swift */ = {isa = PBXFileReference; lastKnownFileType = sourcecode.swift; path = AppDelegate.swift; sourceTree = "<group>"; };
		98FEC40F22413D89006D1FC5 /* ViewController.swift */ = {isa = PBXFileReference; lastKnownFileType = sourcecode.swift; path = ViewController.swift; sourceTree = "<group>"; };
		98FEC41222413D89006D1FC5 /* Base */ = {isa = PBXFileReference; lastKnownFileType = file.storyboard; name = Base; path = Base.lproj/Main.storyboard; sourceTree = "<group>"; };
		98FEC41422413D8B006D1FC5 /* Assets.xcassets */ = {isa = PBXFileReference; lastKnownFileType = folder.assetcatalog; path = Assets.xcassets; sourceTree = "<group>"; };
		98FEC41722413D8B006D1FC5 /* Base */ = {isa = PBXFileReference; lastKnownFileType = file.storyboard; name = Base; path = Base.lproj/LaunchScreen.storyboard; sourceTree = "<group>"; };
		98FEC41922413D8B006D1FC5 /* Info.plist */ = {isa = PBXFileReference; lastKnownFileType = text.plist.xml; path = Info.plist; sourceTree = "<group>"; };
		98FEC41F22414BB6006D1FC5 /* fifth.mp3 */ = {isa = PBXFileReference; lastKnownFileType = audio.mp3; path = fifth.mp3; sourceTree = "<group>"; };
		98FEC42022414BB6006D1FC5 /* fourth.mp3 */ = {isa = PBXFileReference; lastKnownFileType = audio.mp3; path = fourth.mp3; sourceTree = "<group>"; };
		98FEC42122414BB6006D1FC5 /* third.mp3 */ = {isa = PBXFileReference; lastKnownFileType = audio.mp3; path = third.mp3; sourceTree = "<group>"; };
		98FEC42222414BB6006D1FC5 /* first.mp3 */ = {isa = PBXFileReference; lastKnownFileType = audio.mp3; path = first.mp3; sourceTree = "<group>"; };
		98FEC42322414BB6006D1FC5 /* seven.mp3 */ = {isa = PBXFileReference; lastKnownFileType = audio.mp3; path = seven.mp3; sourceTree = "<group>"; };
		98FEC42422414BB7006D1FC5 /* second.mp3 */ = {isa = PBXFileReference; lastKnownFileType = audio.mp3; path = second.mp3; sourceTree = "<group>"; };
		98FEC42522414BB7006D1FC5 /* sixth.mp3 */ = {isa = PBXFileReference; lastKnownFileType = audio.mp3; path = sixth.mp3; sourceTree = "<group>"; };
/* End PBXFileReference section */

/* Begin PBXFrameworksBuildPhase section */
		98FEC40722413D89006D1FC5 /* Frameworks */ = {
			isa = PBXFrameworksBuildPhase;
			buildActionMask = 2147483647;
			files = (
			);
			runOnlyForDeploymentPostprocessing = 0;
		};
/* End PBXFrameworksBuildPhase section */

/* Begin PBXGroup section */
		98FEC40122413D89006D1FC5 = {
			isa = PBXGroup;
			children = (
				98FEC40C22413D89006D1FC5 /* PlayAudio */,
				98FEC40B22413D89006D1FC5 /* Products */,
			);
			sourceTree = "<group>";
		};
		98FEC40B22413D89006D1FC5 /* Products */ = {
			isa = PBXGroup;
			children = (
				98FEC40A22413D89006D1FC5 /* PlayAudio.app */,
			);
			name = Products;
			sourceTree = "<group>";
		};
		98FEC40C22413D89006D1FC5 /* PlayAudio */ = {
			isa = PBXGroup;
			children = (
				98FEC42D22414BBD006D1FC5 /* songList */,
				98FEC40D22413D89006D1FC5 /* AppDelegate.swift */,
				98FEC40F22413D89006D1FC5 /* ViewController.swift */,
				98FEC41122413D89006D1FC5 /* Main.storyboard */,
				98FEC41422413D8B006D1FC5 /* Assets.xcassets */,
				98FEC41622413D8B006D1FC5 /* LaunchScreen.storyboard */,
				98FEC41922413D8B006D1FC5 /* Info.plist */,
			);
			path = PlayAudio;
			sourceTree = "<group>";
		};
		98FEC42D22414BBD006D1FC5 /* songList */ = {
			isa = PBXGroup;
			children = (
				98FEC41F22414BB6006D1FC5 /* fifth.mp3 */,
				98FEC42222414BB6006D1FC5 /* first.mp3 */,
				98FEC42022414BB6006D1FC5 /* fourth.mp3 */,
				98FEC42422414BB7006D1FC5 /* second.mp3 */,
				98FEC42322414BB6006D1FC5 /* seven.mp3 */,
				98FEC42522414BB7006D1FC5 /* sixth.mp3 */,
				98FEC42122414BB6006D1FC5 /* third.mp3 */,
			);
			path = songList;
			sourceTree = "<group>";
		};
/* End PBXGroup section */

/* Begin PBXNativeTarget section */
		98FEC40922413D89006D1FC5 /* PlayAudio */ = {
			isa = PBXNativeTarget;
			buildConfigurationList = 98FEC41C22413D8B006D1FC5 /* Build configuration list for PBXNativeTarget "PlayAudio" */;
			buildPhases = (
				98FEC40622413D89006D1FC5 /* Sources */,
				98FEC40722413D89006D1FC5 /* Frameworks */,
				98FEC40822413D89006D1FC5 /* Resources */,
			);
			buildRules = (
			);
			dependencies = (
			);
			name = PlayAudio;
			productName = PlayAudio;
			productReference = 98FEC40A22413D89006D1FC5 /* PlayAudio.app */;
			productType = "com.apple.product-type.application";
		};
/* End PBXNativeTarget section */

/* Begin PBXProject section */
		98FEC40222413D89006D1FC5 /* Project object */ = {
			isa = PBXProject;
			attributes = {
				LastSwiftUpdateCheck = 1010;
				LastUpgradeCheck = 1010;
				ORGANIZATIONNAME = Beero;
				TargetAttributes = {
					98FEC40922413D89006D1FC5 = {
						CreatedOnToolsVersion = 10.1;
					};
				};
			};
			buildConfigurationList = 98FEC40522413D89006D1FC5 /* Build configuration list for PBXProject "PlayAudio" */;
			compatibilityVersion = "Xcode 9.3";
			developmentRegion = en;
			hasScannedForEncodings = 0;
			knownRegions = (
				en,
				Base,
			);
			mainGroup = 98FEC40122413D89006D1FC5;
			productRefGroup = 98FEC40B22413D89006D1FC5 /* Products */;
			projectDirPath = "";
			projectRoot = "";
			targets = (
				98FEC40922413D89006D1FC5 /* PlayAudio */,
			);
		};
/* End PBXProject section */

/* Begin PBXResourcesBuildPhase section */
		98FEC40822413D89006D1FC5 /* Resources */ = {
			isa = PBXResourcesBuildPhase;
			buildActionMask = 2147483647;
			files = (
				98FEC42A22414BB7006D1FC5 /* seven.mp3 in Resources */,
				98FEC42C22414BB7006D1FC5 /* sixth.mp3 in Resources */,
				98FEC42622414BB7006D1FC5 /* fifth.mp3 in Resources */,
				98FEC41822413D8B006D1FC5 /* LaunchScreen.storyboard in Resources */,
				98FEC42822414BB7006D1FC5 /* third.mp3 in Resources */,
				98FEC41522413D8B006D1FC5 /* Assets.xcassets in Resources */,
				98FEC42722414BB7006D1FC5 /* fourth.mp3 in Resources */,
				98FEC42B22414BB7006D1FC5 /* second.mp3 in Resources */,
				98FEC41322413D89006D1FC5 /* Main.storyboard in Resources */,
				98FEC42922414BB7006D1FC5 /* first.mp3 in Resources */,
			);
			runOnlyForDeploymentPostprocessing = 0;
		};
/* End PBXResourcesBuildPhase section */

/* Begin PBXSourcesBuildPhase section */
		98FEC40622413D89006D1FC5 /* Sources */ = {
			isa = PBXSourcesBuildPhase;
			buildActionMask = 2147483647;
			files = (
				98FEC41022413D89006D1FC5 /* ViewController.swift in Sources */,
				98FEC40E22413D89006D1FC5 /* AppDelegate.swift in Sources */,
			);
			runOnlyForDeploymentPostprocessing = 0;
		};
/* End PBXSourcesBuildPhase section */

/* Begin PBXVariantGroup section */
		98FEC41122413D89006D1FC5 /* Main.storyboard */ = {
			isa = PBXVariantGroup;
			children = (
				98FEC41222413D89006D1FC5 /* Base */,
			);
			name = Main.storyboard;
			sourceTree = "<group>";
		};
		98FEC41622413D8B006D1FC5 /* LaunchScreen.storyboard */ = {
			isa = PBXVariantGroup;
			children = (
				98FEC41722413D8B006D1FC5 /* Base */,
			);
			name = LaunchScreen.storyboard;
			sourceTree = "<group>";
		};
/* End PBXVariantGroup section */

/* Begin XCBuildConfiguration section */
		98FEC41A22413D8B006D1FC5 /* Debug */ = {
			isa = XCBuildConfiguration;
			buildSettings = {
				ALWAYS_SEARCH_USER_PATHS = NO;
				CLANG_ANALYZER_NONNULL = YES;
				CLANG_ANALYZER_NUMBER_OBJECT_CONVERSION = YES_AGGRESSIVE;
				CLANG_CXX_LANGUAGE_STANDARD = "gnu++14";
				CLANG_CXX_LIBRARY = "libc++";
				CLANG_ENABLE_MODULES = YES;
				CLANG_ENABLE_OBJC_ARC = YES;
				CLANG_ENABLE_OBJC_WEAK = YES;
				CLANG_WARN_BLOCK_CAPTURE_AUTORELEASING = YES;
				CLANG_WARN_BOOL_CONVERSION = YES;
				CLANG_WARN_COMMA = YES;
				CLANG_WARN_CONSTANT_CONVERSION = YES;
				CLANG_WARN_DEPRECATED_OBJC_IMPLEMENTATIONS = YES;
				CLANG_WARN_DIRECT_OBJC_ISA_USAGE = YES_ERROR;
				CLANG_WARN_DOCUMENTATION_COMMENTS = YES;
				CLANG_WARN_EMPTY_BODY = YES;
				CLANG_WARN_ENUM_CONVERSION = YES;
				CLANG_WARN_INFINITE_RECURSION = YES;
				CLANG_WARN_INT_CONVERSION = YES;
				CLANG_WARN_NON_LITERAL_NULL_CONVERSION = YES;
				CLANG_WARN_OBJC_IMPLICIT_RETAIN_SELF = YES;
				CLANG_WARN_OBJC_LITERAL_CONVERSION = YES;
				CLANG_WARN_OBJC_ROOT_CLASS = YES_ERROR;
				CLANG_WARN_RANGE_LOOP_ANALYSIS = YES;
				CLANG_WARN_STRICT_PROTOTYPES = YES;
				CLANG_WARN_SUSPICIOUS_MOVE = YES;
				CLANG_WARN_UNGUARDED_AVAILABILITY = YES_AGGRESSIVE;
				CLANG_WARN_UNREACHABLE_CODE = YES;
				CLANG_WARN__DUPLICATE_METHOD_MATCH = YES;
				CODE_SIGN_IDENTITY = "iPhone Developer";
				COPY_PHASE_STRIP = NO;
				DEBUG_INFORMATION_FORMAT = dwarf;
				ENABLE_STRICT_OBJC_MSGSEND = YES;
				ENABLE_TESTABILITY = YES;
				GCC_C_LANGUAGE_STANDARD = gnu11;
				GCC_DYNAMIC_NO_PIC = NO;
				GCC_NO_COMMON_BLOCKS = YES;
				GCC_OPTIMIZATION_LEVEL = 0;
				GCC_PREPROCESSOR_DEFINITIONS = (
					"DEBUG=1",
					"$(inherited)",
				);
				GCC_WARN_64_TO_32_BIT_CONVERSION = YES;
				GCC_WARN_ABOUT_RETURN_TYPE = YES_ERROR;
				GCC_WARN_UNDECLARED_SELECTOR = YES;
				GCC_WARN_UNINITIALIZED_AUTOS = YES_AGGRESSIVE;
				GCC_WARN_UNUSED_FUNCTION = YES;
				GCC_WARN_UNUSED_VARIABLE = YES;
				IPHONEOS_DEPLOYMENT_TARGET = 12.1;
				MTL_ENABLE_DEBUG_INFO = INCLUDE_SOURCE;
				MTL_FAST_MATH = YES;
				ONLY_ACTIVE_ARCH = YES;
				SDKROOT = iphoneos;
				SWIFT_ACTIVE_COMPILATION_CONDITIONS = DEBUG;
				SWIFT_OPTIMIZATION_LEVEL = "-Onone";
			};
			name = Debug;
		};
		98FEC41B22413D8B006D1FC5 /* Release */ = {
			isa = XCBuildConfiguration;
			buildSettings = {
				ALWAYS_SEARCH_USER_PATHS = NO;
				CLANG_ANALYZER_NONNULL = YES;
				CLANG_ANALYZER_NUMBER_OBJECT_CONVERSION = YES_AGGRESSIVE;
				CLANG_CXX_LANGUAGE_STANDARD = "gnu++14";
				CLANG_CXX_LIBRARY = "libc++";
				CLANG_ENABLE_MODULES = YES;
				CLANG_ENABLE_OBJC_ARC = YES;
				CLANG_ENABLE_OBJC_WEAK = YES;
				CLANG_WARN_BLOCK_CAPTURE_AUTORELEASING = YES;
				CLANG_WARN_BOOL_CONVERSION = YES;
				CLANG_WARN_COMMA = YES;
				CLANG_WARN_CONSTANT_CONVERSION = YES;
				CLANG_WARN_DEPRECATED_OBJC_IMPLEMENTATIONS = YES;
				CLANG_WARN_DIRECT_OBJC_ISA_USAGE = YES_ERROR;
				CLANG_WARN_DOCUMENTATION_COMMENTS = YES;
				CLANG_WARN_EMPTY_BODY = YES;
				CLANG_WARN_ENUM_CONVERSION = YES;
				CLANG_WARN_INFINITE_RECURSION = YES;
				CLANG_WARN_INT_CONVERSION = YES;
				CLANG_WARN_NON_LITERAL_NULL_CONVERSION = YES;
				CLANG_WARN_OBJC_IMPLICIT_RETAIN_SELF = YES;
				CLANG_WARN_OBJC_LITERAL_CONVERSION = YES;
				CLANG_WARN_OBJC_ROOT_CLASS = YES_ERROR;
				CLANG_WARN_RANGE_LOOP_ANALYSIS = YES;
				CLANG_WARN_STRICT_PROTOTYPES = YES;
				CLANG_WARN_SUSPICIOUS_MOVE = YES;
				CLANG_WARN_UNGUARDED_AVAILABILITY = YES_AGGRESSIVE;
				CLANG_WARN_UNREACHABLE_CODE = YES;
				CLANG_WARN__DUPLICATE_METHOD_MATCH = YES;
				CODE_SIGN_IDENTITY = "iPhone Developer";
				COPY_PHASE_STRIP = NO;
				DEBUG_INFORMATION_FORMAT = "dwarf-with-dsym";
				ENABLE_NS_ASSERTIONS = NO;
				ENABLE_STRICT_OBJC_MSGSEND = YES;
				GCC_C_LANGUAGE_STANDARD = gnu11;
				GCC_NO_COMMON_BLOCKS = YES;
				GCC_WARN_64_TO_32_BIT_CONVERSION = YES;
				GCC_WARN_ABOUT_RETURN_TYPE = YES_ERROR;
				GCC_WARN_UNDECLARED_SELECTOR = YES;
				GCC_WARN_UNINITIALIZED_AUTOS = YES_AGGRESSIVE;
				GCC_WARN_UNUSED_FUNCTION = YES;
				GCC_WARN_UNUSED_VARIABLE = YES;
				IPHONEOS_DEPLOYMENT_TARGET = 12.1;
				MTL_ENABLE_DEBUG_INFO = NO;
				MTL_FAST_MATH = YES;
				SDKROOT = iphoneos;
				SWIFT_COMPILATION_MODE = wholemodule;
				SWIFT_OPTIMIZATION_LEVEL = "-O";
				VALIDATE_PRODUCT = YES;
			};
			name = Release;
		};
		98FEC41D22413D8B006D1FC5 /* Debug */ = {
			isa = XCBuildConfiguration;
			buildSettings = {
				ASSETCATALOG_COMPILER_APPICON_NAME = AppIcon;
				CODE_SIGN_STYLE = Automatic;
				DEVELOPMENT_TEAM = S2VS3K67TV;
				INFOPLIST_FILE = PlayAudio/Info.plist;
				LD_RUNPATH_SEARCH_PATHS = (
					"$(inherited)",
					"@executable_path/Frameworks",
				);
				PRODUCT_BUNDLE_IDENTIFIER = AshwaniSharma.PlayAudio;
				PRODUCT_NAME = "$(TARGET_NAME)";
				SWIFT_VERSION = 4.2;
				TARGETED_DEVICE_FAMILY = "1,2";
			};
			name = Debug;
		};
		98FEC41E22413D8B006D1FC5 /* Release */ = {
			isa = XCBuildConfiguration;
			buildSettings = {
				ASSETCATALOG_COMPILER_APPICON_NAME = AppIcon;
				CODE_SIGN_STYLE = Automatic;
				DEVELOPMENT_TEAM = S2VS3K67TV;
				INFOPLIST_FILE = PlayAudio/Info.plist;
				LD_RUNPATH_SEARCH_PATHS = (
					"$(inherited)",
					"@executable_path/Frameworks",
				);
				PRODUCT_BUNDLE_IDENTIFIER = AshwaniSharma.PlayAudio;
				PRODUCT_NAME = "$(TARGET_NAME)";
				SWIFT_VERSION = 4.2;
				TARGETED_DEVICE_FAMILY = "1,2";
			};
			name = Release;
		};
/* End XCBuildConfiguration section */

/* Begin XCConfigurationList section */
		98FEC40522413D89006D1FC5 /* Build configuration list for PBXProject "PlayAudio" */ = {
			isa = XCConfigurationList;
			buildConfigurations = (
				98FEC41A22413D8B006D1FC5 /* Debug */,
				98FEC41B22413D8B006D1FC5 /* Release */,
			);
			defaultConfigurationIsVisible = 0;
			defaultConfigurationName = Release;
		};
		98FEC41C22413D8B006D1FC5 /* Build configuration list for PBXNativeTarget "PlayAudio" */ = {
			isa = XCConfigurationList;
			buildConfigurations = (
				98FEC41D22413D8B006D1FC5 /* Debug */,
				98FEC41E22413D8B006D1FC5 /* Release */,
			);
			defaultConfigurationIsVisible = 0;
			defaultConfigurationName = Release;
		};
/* End XCConfigurationList section */
	};
	rootObject = 98FEC40222413D89006D1FC5 /* Project object */;
}
